
Microsoft Visual Studio Solution File, Format Version 12.00
# Visual Studio Version 17
VisualStudioVersion = 17.1.32414.318
MinimumVisualStudioVersion = 10.0.40219.1
Project("{9A19103F-16F7-4668-BE54-9A1E7A4F7556}") = "BasicDelegates", "DelegatesEventsLambdas\BasicDelegates.csproj", "{97CCA022-EA28-4ACC-A6B0-B5FC7DD0F615}"
EndProject
Project("{2150E333-8FDC-42A3-9474-1A3956D46DE8}") = "Delegates", "Delegates", "{3C2974C5-6946-4134-AE71-A3D74732B790}"
EndProject
Project("{9A19103F-16F7-4668-BE54-9A1E7A4F7556}") = "ComposableDelegates", "ComposableDelegates\ComposableDelegates.csproj", "{D9D714AD-8DC2-4209-8BD1-270E2777E74F}"
EndProject
Project("{9A19103F-16F7-4668-BE54-9A1E7A4F7556}") = "DelegateExample", "DelegateExample\DelegateExample.csproj", "{12B2F2C1-5A56-44F4-A291-6D22E179CE01}"
EndProject
Project("{2150E333-8FDC-42A3-9474-1A3956D46DE8}") = "Lambdas", "Lambdas", "{2DFA8948-A328-458F-82DE-B1F1C35C0449}"
EndProject
Project("{9A19103F-16F7-4668-BE54-9A1E7A4F7556}") = "BasicLambdas", "BasicLambdas\BasicLambdas.csproj", "{417025CD-528D-4855-821F-9B36E1E5FCB6}"
EndProject
Project("{9A19103F-16F7-4668-BE54-9A1E7A4F7556}") = "LambdaDelegates", "LambdaDelegates\LambdaDelegates.csproj", "{2F818B7C-D48E-464A-B520-70696DECEB18}"
EndProject
Project("{9A19103F-16F7-4668-BE54-9A1E7A4F7556}") = "LambdaExample", "LambdaExample\LambdaExample.csproj", "{B2C76FB5-78A7-4F1B-930C-D2A5C83ADB1C}"
EndProject
Project("{2150E333-8FDC-42A3-9474-1A3956D46DE8}") = "Events", "Events", "{8C8574D6-8ABC-40CE-8FD4-BC82E8421CE8}"
EndProject
Project("{9A19103F-16F7-4668-BE54-9A1E7A4F7556}") = "BaiscEvents", "BaiscEvents\BaiscEvents.csproj", "{FB40EBA6-33E1-47F4-96BC-D93B73924DD2}"
EndProject
Project("{9A19103F-16F7-4668-BE54-9A1E7A4F7556}") = "ChainedEvents", "ChainedEvents\ChainedEvents.csproj", "{BD28E825-510E-41CA-8A0D-668B685D0ED5}"
EndProject
Project("{FAE04EC0-301F-11D3-BF4B-00C04F79EFBC}") = "EventsExample", "EventsExample\EventsExample.csproj", "{830904CB-FE69-41D3-B5F1-7A4D591A257B}"
EndProject
Global
	GlobalSection(SolutionConfigurationPlatforms) = preSolution
		Debug|Any CPU = Debug|Any CPU
		Release|Any CPU = Release|Any CPU
	EndGlobalSection
	GlobalSection(ProjectConfigurationPlatforms) = postSolution
		{97CCA022-EA28-4ACC-A6B0-B5FC7DD0F615}.Debug|Any CPU.ActiveCfg = Debug|Any CPU
		{97CCA022-EA28-4ACC-A6B0-B5FC7DD0F615}.Debug|Any CPU.Build.0 = Debug|Any CPU
		{97CCA022-EA28-4ACC-A6B0-B5FC7DD0F615}.Release|Any CPU.ActiveCfg = Release|Any CPU
		{97CCA022-EA28-4ACC-A6B0-B5FC7DD0F615}.Release|Any CPU.Build.0 = Release|Any CPU
		{D9D714AD-8DC2-4209-8BD1-270E2777E74F}.Debug|Any CPU.ActiveCfg = Debug|Any CPU
		{D9D714AD-8DC2-4209-8BD1-270E2777E74F}.Debug|Any CPU.Build.0 = Debug|Any CPU
		{D9D714AD-8DC2-4209-8BD1-270E2777E74F}.Release|Any CPU.ActiveCfg = Release|Any CPU
		{D9D714AD-8DC2-4209-8BD1-270E2777E74F}.Release|Any CPU.Build.0 = Release|Any CPU
		{12B2F2C1-5A56-44F4-A291-6D22E179CE01}.Debug|Any CPU.ActiveCfg = Debug|Any CPU
		{12B2F2C1-5A56-44F4-A291-6D22E179CE01}.Debug|Any CPU.Build.0 = Debug|Any CPU
		{12B2F2C1-5A56-44F4-A291-6D22E179CE01}.Release|Any CPU.ActiveCfg = Release|Any CPU
		{12B2F2C1-5A56-44F4-A291-6D22E179CE01}.Release|Any CPU.Build.0 = Release|Any CPU
		{417025CD-528D-4855-821F-9B36E1E5FCB6}.Debug|Any CPU.ActiveCfg = Debug|Any CPU
		{417025CD-528D-4855-821F-9B36E1E5FCB6}.Debug|Any CPU.Build.0 = Debug|Any CPU
		{417025CD-528D-4855-821F-9B36E1E5FCB6}.Release|Any CPU.ActiveCfg = Release|Any CPU
		{417025CD-528D-4855-821F-9B36E1E5FCB6}.Release|Any CPU.Build.0 = Release|Any CPU
		{2F818B7C-D48E-464A-B520-70696DECEB18}.Debug|Any CPU.ActiveCfg = Debug|Any CPU
		{2F818B7C-D48E-464A-B520-70696DECEB18}.Debug|Any CPU.Build.0 = Debug|Any CPU
		{2F818B7C-D48E-464A-B520-70696DECEB18}.Release|Any CPU.ActiveCfg = Release|Any CPU
		{2F818B7C-D48E-464A-B520-70696DECEB18}.Release|Any CPU.Build.0 = Release|Any CPU
		{B2C76FB5-78A7-4F1B-930C-D2A5C83ADB1C}.Debug|Any CPU.ActiveCfg = Debug|Any CPU
		{B2C76FB5-78A7-4F1B-930C-D2A5C83ADB1C}.Debug|Any CPU.Build.0 = Debug|Any CPU
		{B2C76FB5-78A7-4F1B-930C-D2A5C83ADB1C}.Release|Any CPU.ActiveCfg = Release|Any CPU
		{B2C76FB5-78A7-4F1B-930C-D2A5C83ADB1C}.Release|Any CPU.Build.0 = Release|Any CPU
		{FB40EBA6-33E1-47F4-96BC-D93B73924DD2}.Debug|Any CPU.ActiveCfg = Debug|Any CPU
		{FB40EBA6-33E1-47F4-96BC-D93B73924DD2}.Debug|Any CPU.Build.0 = Debug|Any CPU
		{FB40EBA6-33E1-47F4-96BC-D93B73924DD2}.Release|Any CPU.ActiveCfg = Release|Any CPU
		{FB40EBA6-33E1-47F4-96BC-D93B73924DD2}.Release|Any CPU.Build.0 = Release|Any CPU
		{BD28E825-510E-41CA-8A0D-668B685D0ED5}.Debug|Any CPU.ActiveCfg = Debug|Any CPU
		{BD28E825-510E-41CA-8A0D-668B685D0ED5}.Debug|Any CPU.Build.0 = Debug|Any CPU
		{BD28E825-510E-41CA-8A0D-668B685D0ED5}.Release|Any CPU.ActiveCfg = Release|Any CPU
		{BD28E825-510E-41CA-8A0D-668B685D0ED5}.Release|Any CPU.Build.0 = Release|Any CPU
		{830904CB-FE69-41D3-B5F1-7A4D591A257B}.Debug|Any CPU.ActiveCfg = Debug|Any CPU
		{830904CB-FE69-41D3-B5F1-7A4D591A257B}.Debug|Any CPU.Build.0 = Debug|Any CPU
		{830904CB-FE69-41D3-B5F1-7A4D591A257B}.Release|Any CPU.ActiveCfg = Release|Any CPU
		{830904CB-FE69-41D3-B5F1-7A4D591A257B}.Release|Any CPU.Build.0 = Release|Any CPU
	EndGlobalSection
	GlobalSection(SolutionProperties) = preSolution
		HideSolutionNode = FALSE
	EndGlobalSection
	GlobalSection(NestedProjects) = preSolution
		{97CCA022-EA28-4ACC-A6B0-B5FC7DD0F615} = {3C2974C5-6946-4134-AE71-A3D74732B790}
		{D9D714AD-8DC2-4209-8BD1-270E2777E74F} = {3C2974C5-6946-4134-AE71-A3D74732B790}
		{12B2F2C1-5A56-44F4-A291-6D22E179CE01} = {3C2974C5-6946-4134-AE71-A3D74732B790}
		{417025CD-528D-4855-821F-9B36E1E5FCB6} = {2DFA8948-A328-458F-82DE-B1F1C35C0449}
		{2F818B7C-D48E-464A-B520-70696DECEB18} = {2DFA8948-A328-458F-82DE-B1F1C35C0449}
		{B2C76FB5-78A7-4F1B-930C-D2A5C83ADB1C} = {2DFA8948-A328-458F-82DE-B1F1C35C0449}
		{FB40EBA6-33E1-47F4-96BC-D93B73924DD2} = {8C8574D6-8ABC-40CE-8FD4-BC82E8421CE8}
		{BD28E825-510E-41CA-8A0D-668B685D0ED5} = {8C8574D6-8ABC-40CE-8FD4-BC82E8421CE8}
		{830904CB-FE69-41D3-B5F1-7A4D591A257B} = {8C8574D6-8ABC-40CE-8FD4-BC82E8421CE8}
	EndGlobalSection
	GlobalSection(ExtensibilityGlobals) = postSolution
		SolutionGuid = {4F0CC9B5-152A-46E5-BA3A-5F2DA8EDB5A2}
	EndGlobalSection
EndGlobal
